
Microsoft Visual Studio Solution File, Format Version 12.00
# Visual Studio Version 16
VisualStudioVersion = 16.0.29509.3
MinimumVisualStudioVersion = 10.0.40219.1
Project("{F184B08F-C81C-45F6-A57F-5ABD9991F28F}") = "WindowsApp1_prueba", "WindowsApp1_prueba\WindowsApp1_prueba.vbproj", "{5158CFFB-8268-4106-BE8A-3F64D2AE14A9}"
EndProject
Global
	GlobalSection(SolutionConfigurationPlatforms) = preSolution
		Debug|Any CPU = Debug|Any CPU
		Release|Any CPU = Release|Any CPU
	EndGlobalSection
	GlobalSection(ProjectConfigurationPlatforms) = postSolution
		{5158CFFB-8268-4106-BE8A-3F64D2AE14A9}.Debug|Any CPU.ActiveCfg = Debug|Any CPU
		{5158CFFB-8268-4106-BE8A-3F64D2AE14A9}.Debug|Any CPU.Build.0 = Debug|Any CPU
		{5158CFFB-8268-4106-BE8A-3F64D2AE14A9}.Release|Any CPU.ActiveCfg = Release|Any CPU
		{5158CFFB-8268-4106-BE8A-3F64D2AE14A9}.Release|Any CPU.Build.0 = Release|Any CPU
	EndGlobalSection
	GlobalSection(SolutionProperties) = preSolution
		HideSolutionNode = FALSE
	EndGlobalSection
	GlobalSection(ExtensibilityGlobals) = postSolution
		SolutionGuid = {2A7310F6-CC12-469E-9E02-AAFDC302CE14}
	EndGlobalSection
EndGlobal
