
Microsoft Visual Studio Solution File, Format Version 12.00
# Visual Studio Version 16
VisualStudioVersion = 16.0.29509.3
MinimumVisualStudioVersion = 10.0.40219.1
Project("{F184B08F-C81C-45F6-A57F-5ABD9991F28F}") = "tic_tac_toe", "tic_tac_toe\tic_tac_toe.vbproj", "{EEDBC96C-CAB4-4728-940E-5AE9651AF694}"
EndProject
Global
	GlobalSection(SolutionConfigurationPlatforms) = preSolution
		Debug|Any CPU = Debug|Any CPU
		Release|Any CPU = Release|Any CPU
	EndGlobalSection
	GlobalSection(ProjectConfigurationPlatforms) = postSolution
		{EEDBC96C-CAB4-4728-940E-5AE9651AF694}.Debug|Any CPU.ActiveCfg = Debug|Any CPU
		{EEDBC96C-CAB4-4728-940E-5AE9651AF694}.Debug|Any CPU.Build.0 = Debug|Any CPU
		{EEDBC96C-CAB4-4728-940E-5AE9651AF694}.Release|Any CPU.ActiveCfg = Release|Any CPU
		{EEDBC96C-CAB4-4728-940E-5AE9651AF694}.Release|Any CPU.Build.0 = Release|Any CPU
	EndGlobalSection
	GlobalSection(SolutionProperties) = preSolution
		HideSolutionNode = FALSE
	EndGlobalSection
	GlobalSection(ExtensibilityGlobals) = postSolution
		SolutionGuid = {4B86992D-F580-44F7-9C6F-E1CD9F4A1559}
	EndGlobalSection
EndGlobal
